
Microsoft Visual Studio Solution File, Format Version 12.00
# Visual Studio Version 16
VisualStudioVersion = 16.0.33214.272
MinimumVisualStudioVersion = 10.0.40219.1
Project("{FAE04EC0-301F-11D3-BF4B-00C04F79EFBC}") = "SMS", "SMS\SMS.csproj", "{7BC5380C-609F-4CAB-A6E2-FD6E541DAE65}"
EndProject
Global
	GlobalSection(SolutionConfigurationPlatforms) = preSolution
		Debug|Any CPU = Debug|Any CPU
		Release|Any CPU = Release|Any CPU
	EndGlobalSection
	GlobalSection(ProjectConfigurationPlatforms) = postSolution
		{7BC5380C-609F-4CAB-A6E2-FD6E541DAE65}.Debug|Any CPU.ActiveCfg = Debug|Any CPU
		{7BC5380C-609F-4CAB-A6E2-FD6E541DAE65}.Debug|Any CPU.Build.0 = Debug|Any CPU
		{7BC5380C-609F-4CAB-A6E2-FD6E541DAE65}.Release|Any CPU.ActiveCfg = Release|Any CPU
		{7BC5380C-609F-4CAB-A6E2-FD6E541DAE65}.Release|Any CPU.Build.0 = Release|Any CPU
	EndGlobalSection
	GlobalSection(SolutionProperties) = preSolution
		HideSolutionNode = FALSE
	EndGlobalSection
	GlobalSection(ExtensibilityGlobals) = postSolution
		SolutionGuid = {93751623-C685-4A9C-8DA7-F44AC66B4A22}
	EndGlobalSection
EndGlobal
